
Microsoft Visual Studio Solution File, Format Version 12.00
# Visual Studio Version 16
VisualStudioVersion = 16.0.31205.134
MinimumVisualStudioVersion = 10.0.40219.1
Project("{FAE04EC0-301F-11D3-BF4B-00C04F79EFBC}") = "Uri1114", "Uri1114\Uri1114.csproj", "{1482F6C6-B042-47B8-A638-C51ADD34D5F9}"
EndProject
Global
	GlobalSection(SolutionConfigurationPlatforms) = preSolution
		Debug|Any CPU = Debug|Any CPU
		Release|Any CPU = Release|Any CPU
	EndGlobalSection
	GlobalSection(ProjectConfigurationPlatforms) = postSolution
		{1482F6C6-B042-47B8-A638-C51ADD34D5F9}.Debug|Any CPU.ActiveCfg = Debug|Any CPU
		{1482F6C6-B042-47B8-A638-C51ADD34D5F9}.Debug|Any CPU.Build.0 = Debug|Any CPU
		{1482F6C6-B042-47B8-A638-C51ADD34D5F9}.Release|Any CPU.ActiveCfg = Release|Any CPU
		{1482F6C6-B042-47B8-A638-C51ADD34D5F9}.Release|Any CPU.Build.0 = Release|Any CPU
	EndGlobalSection
	GlobalSection(SolutionProperties) = preSolution
		HideSolutionNode = FALSE
	EndGlobalSection
	GlobalSection(ExtensibilityGlobals) = postSolution
		SolutionGuid = {091C776F-9EF8-4FA5-A5D7-402CB1865733}
	EndGlobalSection
EndGlobal
